
Microsoft Visual Studio Solution File, Format Version 12.00
# Visual Studio 15
VisualStudioVersion = 15.0.27004.2009
MinimumVisualStudioVersion = 10.0.40219.1
Project("{FAE04EC0-301F-11D3-BF4B-00C04F79EFBC}") = "numberInLisTx2", "numberInLisTx2\numberInLisTx2.csproj", "{491CD796-D071-4C5F-822F-8F9D241C196D}"
EndProject
Project("{FAE04EC0-301F-11D3-BF4B-00C04F79EFBC}") = "Nfactoriel", "Nfactoriel\Nfactoriel.csproj", "{7246B4D1-EDE5-4F3E-BA7B-93D4B7A46409}"
EndProject
Project("{FAE04EC0-301F-11D3-BF4B-00C04F79EFBC}") = "Figures", "Figures\Figures.csproj", "{DBA55ACD-35AA-4341-B52B-37153A62540A}"
EndProject
Project("{FAE04EC0-301F-11D3-BF4B-00C04F79EFBC}") = "8queens", "8queens\8queens.csproj", "{49F8D2EE-E144-4763-A152-AB5936DF7F7E}"
EndProject
Project("{FAE04EC0-301F-11D3-BF4B-00C04F79EFBC}") = "tr", "tr\tr.csproj", "{F9C9852A-3A60-48B2-90C4-6AE81CBCBD23}"
EndProject
Global
	GlobalSection(SolutionConfigurationPlatforms) = preSolution
		Debug|Any CPU = Debug|Any CPU
		Release|Any CPU = Release|Any CPU
	EndGlobalSection
	GlobalSection(ProjectConfigurationPlatforms) = postSolution
		{491CD796-D071-4C5F-822F-8F9D241C196D}.Debug|Any CPU.ActiveCfg = Debug|Any CPU
		{491CD796-D071-4C5F-822F-8F9D241C196D}.Debug|Any CPU.Build.0 = Debug|Any CPU
		{491CD796-D071-4C5F-822F-8F9D241C196D}.Release|Any CPU.ActiveCfg = Release|Any CPU
		{491CD796-D071-4C5F-822F-8F9D241C196D}.Release|Any CPU.Build.0 = Release|Any CPU
		{7246B4D1-EDE5-4F3E-BA7B-93D4B7A46409}.Debug|Any CPU.ActiveCfg = Debug|Any CPU
		{7246B4D1-EDE5-4F3E-BA7B-93D4B7A46409}.Debug|Any CPU.Build.0 = Debug|Any CPU
		{7246B4D1-EDE5-4F3E-BA7B-93D4B7A46409}.Release|Any CPU.ActiveCfg = Release|Any CPU
		{7246B4D1-EDE5-4F3E-BA7B-93D4B7A46409}.Release|Any CPU.Build.0 = Release|Any CPU
		{DBA55ACD-35AA-4341-B52B-37153A62540A}.Debug|Any CPU.ActiveCfg = Debug|Any CPU
		{DBA55ACD-35AA-4341-B52B-37153A62540A}.Debug|Any CPU.Build.0 = Debug|Any CPU
		{DBA55ACD-35AA-4341-B52B-37153A62540A}.Release|Any CPU.ActiveCfg = Release|Any CPU
		{DBA55ACD-35AA-4341-B52B-37153A62540A}.Release|Any CPU.Build.0 = Release|Any CPU
		{49F8D2EE-E144-4763-A152-AB5936DF7F7E}.Debug|Any CPU.ActiveCfg = Debug|Any CPU
		{49F8D2EE-E144-4763-A152-AB5936DF7F7E}.Debug|Any CPU.Build.0 = Debug|Any CPU
		{49F8D2EE-E144-4763-A152-AB5936DF7F7E}.Release|Any CPU.ActiveCfg = Release|Any CPU
		{49F8D2EE-E144-4763-A152-AB5936DF7F7E}.Release|Any CPU.Build.0 = Release|Any CPU
		{F9C9852A-3A60-48B2-90C4-6AE81CBCBD23}.Debug|Any CPU.ActiveCfg = Debug|Any CPU
		{F9C9852A-3A60-48B2-90C4-6AE81CBCBD23}.Debug|Any CPU.Build.0 = Debug|Any CPU
		{F9C9852A-3A60-48B2-90C4-6AE81CBCBD23}.Release|Any CPU.ActiveCfg = Release|Any CPU
		{F9C9852A-3A60-48B2-90C4-6AE81CBCBD23}.Release|Any CPU.Build.0 = Release|Any CPU
	EndGlobalSection
	GlobalSection(SolutionProperties) = preSolution
		HideSolutionNode = FALSE
	EndGlobalSection
	GlobalSection(ExtensibilityGlobals) = postSolution
		SolutionGuid = {313DECFE-2208-4081-9421-F309D4B41932}
	EndGlobalSection
EndGlobal
